
Microsoft Visual Studio Solution File, Format Version 12.00
# Visual Studio 15
VisualStudioVersion = 15.0.28307.329
MinimumVisualStudioVersion = 10.0.40219.1
Project("{FAE04EC0-301F-11D3-BF4B-00C04F79EFBC}") = "Sudoku", "Sudoku\Sudoku.csproj", "{864162E8-3ACE-4A98-BE8C-A94EE50DCB4A}"
EndProject
Global
	GlobalSection(SolutionConfigurationPlatforms) = preSolution
		Debug|Any CPU = Debug|Any CPU
		Release|Any CPU = Release|Any CPU
	EndGlobalSection
	GlobalSection(ProjectConfigurationPlatforms) = postSolution
		{864162E8-3ACE-4A98-BE8C-A94EE50DCB4A}.Debug|Any CPU.ActiveCfg = Debug|Any CPU
		{864162E8-3ACE-4A98-BE8C-A94EE50DCB4A}.Debug|Any CPU.Build.0 = Debug|Any CPU
		{864162E8-3ACE-4A98-BE8C-A94EE50DCB4A}.Release|Any CPU.ActiveCfg = Release|Any CPU
		{864162E8-3ACE-4A98-BE8C-A94EE50DCB4A}.Release|Any CPU.Build.0 = Release|Any CPU
	EndGlobalSection
	GlobalSection(SolutionProperties) = preSolution
		HideSolutionNode = FALSE
	EndGlobalSection
	GlobalSection(ExtensibilityGlobals) = postSolution
		SolutionGuid = {122D6B94-181B-4A3F-882C-96BFE4EE42D0}
	EndGlobalSection
EndGlobal
